
Microsoft Visual Studio Solution File, Format Version 12.00
Project("{FAE04EC0-301F-11D3-BF4B-00C04F79EFBC}") = "Infrastructure", "Infrastructure\Infrastructure.csproj", "{1A49427C-042B-45BC-9CB4-C4C2ACE6222D}"
EndProject
Project("{FAE04EC0-301F-11D3-BF4B-00C04F79EFBC}") = "API", "API\API.csproj", "{18FFFF03-810A-4068-A4EE-1014EA0E5E0E}"
EndProject
Global
	GlobalSection(SolutionConfigurationPlatforms) = preSolution
		Debug|Any CPU = Debug|Any CPU
		Release|Any CPU = Release|Any CPU
	EndGlobalSection
	GlobalSection(ProjectConfigurationPlatforms) = postSolution
		{1A49427C-042B-45BC-9CB4-C4C2ACE6222D}.Debug|Any CPU.ActiveCfg = Debug|Any CPU
		{1A49427C-042B-45BC-9CB4-C4C2ACE6222D}.Debug|Any CPU.Build.0 = Debug|Any CPU
		{1A49427C-042B-45BC-9CB4-C4C2ACE6222D}.Release|Any CPU.ActiveCfg = Release|Any CPU
		{1A49427C-042B-45BC-9CB4-C4C2ACE6222D}.Release|Any CPU.Build.0 = Release|Any CPU
		{18FFFF03-810A-4068-A4EE-1014EA0E5E0E}.Debug|Any CPU.ActiveCfg = Debug|Any CPU
		{18FFFF03-810A-4068-A4EE-1014EA0E5E0E}.Debug|Any CPU.Build.0 = Debug|Any CPU
		{18FFFF03-810A-4068-A4EE-1014EA0E5E0E}.Release|Any CPU.ActiveCfg = Release|Any CPU
		{18FFFF03-810A-4068-A4EE-1014EA0E5E0E}.Release|Any CPU.Build.0 = Release|Any CPU
	EndGlobalSection
EndGlobal
